// !$*UTF8*$!
{
	archiveVersion = 1;
	classes = {
	};
	objectVersion = 48;
	objects = {

/* Begin PBXBuildFile section */
		A79D663820323CA200B808E8 /* AppDelegate.swift in Sources */ = {isa = PBXBuildFile; fileRef = A79D663720323CA200B808E8 /* AppDelegate.swift */; };
		A79D663A20323CA200B808E8 /* ViewController.swift in Sources */ = {isa = PBXBuildFile; fileRef = A79D663920323CA200B808E8 /* ViewController.swift */; };
		A79D663D20323CA200B808E8 /* Main.storyboard in Resources */ = {isa = PBXBuildFile; fileRef = A79D663B20323CA200B808E8 /* Main.storyboard */; };
		A79D664020323CA200B808E8 /* Rest_Swift_Example.xcdatamodeld in Sources */ = {isa = PBXBuildFile; fileRef = A79D663E20323CA200B808E8 /* Rest_Swift_Example.xcdatamodeld */; };
		A79D664220323CA200B808E8 /* Assets.xcassets in Resources */ = {isa = PBXBuildFile; fileRef = A79D664120323CA200B808E8 /* Assets.xcassets */; };
		A79D664520323CA200B808E8 /* LaunchScreen.storyboard in Resources */ = {isa = PBXBuildFile; fileRef = A79D664320323CA200B808E8 /* LaunchScreen.storyboard */; };
		A79D664D20323CB400B808E8 /* SwiftyJSON.swift in Sources */ = {isa = PBXBuildFile; fileRef = A79D664C20323CB400B808E8 /* SwiftyJSON.swift */; };
		A79D664F20323CED00B808E8 /* APIManager.swift in Sources */ = {isa = PBXBuildFile; fileRef = A79D664E20323CED00B808E8 /* APIManager.swift */; };
		A79D665120323F8900B808E8 /* Model.swift in Sources */ = {isa = PBXBuildFile; fileRef = A79D665020323F8900B808E8 /* Model.swift */; };
		A79D665320325F4800B808E8 /* README.md in Resources */ = {isa = PBXBuildFile; fileRef = A79D665220325F4800B808E8 /* README.md */; };
/* End PBXBuildFile section */

/* Begin PBXFileReference section */
		A79D663420323CA200B808E8 /* Random_NASA_App.app */ = {isa = PBXFileReference; explicitFileType = wrapper.application; includeInIndex = 0; path = Random_NASA_App.app; sourceTree = BUILT_PRODUCTS_DIR; };
		A79D663720323CA200B808E8 /* AppDelegate.swift */ = {isa = PBXFileReference; lastKnownFileType = sourcecode.swift; path = AppDelegate.swift; sourceTree = "<group>"; };
		A79D663920323CA200B808E8 /* ViewController.swift */ = {isa = PBXFileReference; lastKnownFileType = sourcecode.swift; path = ViewController.swift; sourceTree = "<group>"; };
		A79D663C20323CA200B808E8 /* Base */ = {isa = PBXFileReference; lastKnownFileType = file.storyboard; name = Base; path = Base.lproj/Main.storyboard; sourceTree = "<group>"; };
		A79D663F20323CA200B808E8 /* Rest_Swift_Example.xcdatamodel */ = {isa = PBXFileReference; lastKnownFileType = wrapper.xcdatamodel; path = Rest_Swift_Example.xcdatamodel; sourceTree = "<group>"; };
		A79D664120323CA200B808E8 /* Assets.xcassets */ = {isa = PBXFileReference; lastKnownFileType = folder.assetcatalog; path = Assets.xcassets; sourceTree = "<group>"; };
		A79D664420323CA200B808E8 /* Base */ = {isa = PBXFileReference; lastKnownFileType = file.storyboard; name = Base; path = Base.lproj/LaunchScreen.storyboard; sourceTree = "<group>"; };
		A79D664620323CA200B808E8 /* Info.plist */ = {isa = PBXFileReference; lastKnownFileType = text.plist.xml; path = Info.plist; sourceTree = "<group>"; };
		A79D664C20323CB400B808E8 /* SwiftyJSON.swift */ = {isa = PBXFileReference; fileEncoding = 4; lastKnownFileType = sourcecode.swift; path = SwiftyJSON.swift; sourceTree = "<group>"; };
		A79D664E20323CED00B808E8 /* APIManager.swift */ = {isa = PBXFileReference; lastKnownFileType = sourcecode.swift; path = APIManager.swift; sourceTree = "<group>"; };
		A79D665020323F8900B808E8 /* Model.swift */ = {isa = PBXFileReference; lastKnownFileType = sourcecode.swift; path = Model.swift; sourceTree = "<group>"; };
		A79D665220325F4800B808E8 /* README.md */ = {isa = PBXFileReference; fileEncoding = 4; lastKnownFileType = net.daringfireball.markdown; path = README.md; sourceTree = "<group>"; };
/* End PBXFileReference section */

/* Begin PBXFrameworksBuildPhase section */
		A79D663120323CA200B808E8 /* Frameworks */ = {
			isa = PBXFrameworksBuildPhase;
			buildActionMask = 2147483647;
			files = (
			);
			runOnlyForDeploymentPostprocessing = 0;
		};
/* End PBXFrameworksBuildPhase section */

/* Begin PBXGroup section */
		A79D662B20323CA200B808E8 = {
			isa = PBXGroup;
			children = (
				A79D663620323CA200B808E8 /* Random_NASA_App */,
				A79D663520323CA200B808E8 /* Products */,
			);
			sourceTree = "<group>";
		};
		A79D663520323CA200B808E8 /* Products */ = {
			isa = PBXGroup;
			children = (
				A79D663420323CA200B808E8 /* Random_NASA_App.app */,
			);
			name = Products;
			sourceTree = "<group>";
		};
		A79D663620323CA200B808E8 /* Random_NASA_App */ = {
			isa = PBXGroup;
			children = (
				A79D663720323CA200B808E8 /* AppDelegate.swift */,
				A79D664C20323CB400B808E8 /* SwiftyJSON.swift */,
				A79D664E20323CED00B808E8 /* APIManager.swift */,
				A79D663920323CA200B808E8 /* ViewController.swift */,
				A79D665220325F4800B808E8 /* README.md */,
				A79D665020323F8900B808E8 /* Model.swift */,
				A79D663B20323CA200B808E8 /* Main.storyboard */,
				A79D664120323CA200B808E8 /* Assets.xcassets */,
				A79D664320323CA200B808E8 /* LaunchScreen.storyboard */,
				A79D664620323CA200B808E8 /* Info.plist */,
				A79D663E20323CA200B808E8 /* Rest_Swift_Example.xcdatamodeld */,
			);
			path = Random_NASA_App;
			sourceTree = "<group>";
		};
/* End PBXGroup section */

/* Begin PBXNativeTarget section */
		A79D663320323CA200B808E8 /* Random_NASA_App */ = {
			isa = PBXNativeTarget;
			buildConfigurationList = A79D664920323CA200B808E8 /* Build configuration list for PBXNativeTarget "Random_NASA_App" */;
			buildPhases = (
				A79D663020323CA200B808E8 /* Sources */,
				A79D663120323CA200B808E8 /* Frameworks */,
				A79D663220323CA200B808E8 /* Resources */,
			);
			buildRules = (
			);
			dependencies = (
			);
			name = Random_NASA_App;
			productName = Rest_Swift_Example;
			productReference = A79D663420323CA200B808E8 /* Random_NASA_App.app */;
			productType = "com.apple.product-type.application";
		};
/* End PBXNativeTarget section */

/* Begin PBXProject section */
		A79D662C20323CA200B808E8 /* Project object */ = {
			isa = PBXProject;
			attributes = {
				LastSwiftUpdateCheck = 0920;
				LastUpgradeCheck = 0920;
				ORGANIZATIONNAME = "Andrew Perrin";
				TargetAttributes = {
					A79D663320323CA200B808E8 = {
						CreatedOnToolsVersion = 9.2;
						ProvisioningStyle = Automatic;
					};
				};
			};
			buildConfigurationList = A79D662F20323CA200B808E8 /* Build configuration list for PBXProject "Random_NASA_App" */;
			compatibilityVersion = "Xcode 8.0";
			developmentRegion = en;
			hasScannedForEncodings = 0;
			knownRegions = (
				en,
				Base,
			);
			mainGroup = A79D662B20323CA200B808E8;
			productRefGroup = A79D663520323CA200B808E8 /* Products */;
			projectDirPath = "";
			projectRoot = "";
			targets = (
				A79D663320323CA200B808E8 /* Random_NASA_App */,
			);
		};
/* End PBXProject section */

/* Begin PBXResourcesBuildPhase section */
		A79D663220323CA200B808E8 /* Resources */ = {
			isa = PBXResourcesBuildPhase;
			buildActionMask = 2147483647;
			files = (
				A79D664520323CA200B808E8 /* LaunchScreen.storyboard in Resources */,
				A79D664220323CA200B808E8 /* Assets.xcassets in Resources */,
				A79D665320325F4800B808E8 /* README.md in Resources */,
				A79D663D20323CA200B808E8 /* Main.storyboard in Resources */,
			);
			runOnlyForDeploymentPostprocessing = 0;
		};
/* End PBXResourcesBuildPhase section */

/* Begin PBXSourcesBuildPhase section */
		A79D663020323CA200B808E8 /* Sources */ = {
			isa = PBXSourcesBuildPhase;
			buildActionMask = 2147483647;
			files = (
				A79D664020323CA200B808E8 /* Rest_Swift_Example.xcdatamodeld in Sources */,
				A79D663A20323CA200B808E8 /* ViewController.swift in Sources */,
				A79D664F20323CED00B808E8 /* APIManager.swift in Sources */,
				A79D665120323F8900B808E8 /* Model.swift in Sources */,
				A79D663820323CA200B808E8 /* AppDelegate.swift in Sources */,
				A79D664D20323CB400B808E8 /* SwiftyJSON.swift in Sources */,
			);
			runOnlyForDeploymentPostprocessing = 0;
		};
/* End PBXSourcesBuildPhase section */

/* Begin PBXVariantGroup section */
		A79D663B20323CA200B808E8 /* Main.storyboard */ = {
			isa = PBXVariantGroup;
			children = (
				A79D663C20323CA200B808E8 /* Base */,
			);
			name = Main.storyboard;
			sourceTree = "<group>";
		};
		A79D664320323CA200B808E8 /* LaunchScreen.storyboard */ = {
			isa = PBXVariantGroup;
			children = (
				A79D664420323CA200B808E8 /* Base */,
			);
			name = LaunchScreen.storyboard;
			sourceTree = "<group>";
		};
/* End PBXVariantGroup section */

/* Begin XCBuildConfiguration section */
		A79D664720323CA200B808E8 /* Debug */ = {
			isa = XCBuildConfiguration;
			buildSettings = {
				ALWAYS_SEARCH_USER_PATHS = NO;
				CLANG_ANALYZER_NONNULL = YES;
				CLANG_ANALYZER_NUMBER_OBJECT_CONVERSION = YES_AGGRESSIVE;
				CLANG_CXX_LANGUAGE_STANDARD = "gnu++14";
				CLANG_CXX_LIBRARY = "libc++";
				CLANG_ENABLE_MODULES = YES;
				CLANG_ENABLE_OBJC_ARC = YES;
				CLANG_WARN_BLOCK_CAPTURE_AUTORELEASING = YES;
				CLANG_WARN_BOOL_CONVERSION = YES;
				CLANG_WARN_COMMA = YES;
				CLANG_WARN_CONSTANT_CONVERSION = YES;
				CLANG_WARN_DIRECT_OBJC_ISA_USAGE = YES_ERROR;
				CLANG_WARN_DOCUMENTATION_COMMENTS = YES;
				CLANG_WARN_EMPTY_BODY = YES;
				CLANG_WARN_ENUM_CONVERSION = YES;
				CLANG_WARN_INFINITE_RECURSION = YES;
				CLANG_WARN_INT_CONVERSION = YES;
				CLANG_WARN_NON_LITERAL_NULL_CONVERSION = YES;
				CLANG_WARN_OBJC_LITERAL_CONVERSION = YES;
				CLANG_WARN_OBJC_ROOT_CLASS = YES_ERROR;
				CLANG_WARN_RANGE_LOOP_ANALYSIS = YES;
				CLANG_WARN_STRICT_PROTOTYPES = YES;
				CLANG_WARN_SUSPICIOUS_MOVE = YES;
				CLANG_WARN_UNGUARDED_AVAILABILITY = YES_AGGRESSIVE;
				CLANG_WARN_UNREACHABLE_CODE = YES;
				CLANG_WARN__DUPLICATE_METHOD_MATCH = YES;
				CODE_SIGN_IDENTITY = "iPhone Developer";
				COPY_PHASE_STRIP = NO;
				DEBUG_INFORMATION_FORMAT = dwarf;
				ENABLE_STRICT_OBJC_MSGSEND = YES;
				ENABLE_TESTABILITY = YES;
				GCC_C_LANGUAGE_STANDARD = gnu11;
				GCC_DYNAMIC_NO_PIC = NO;
				GCC_NO_COMMON_BLOCKS = YES;
				GCC_OPTIMIZATION_LEVEL = 0;
				GCC_PREPROCESSOR_DEFINITIONS = (
					"DEBUG=1",
					"$(inherited)",
				);
				GCC_WARN_64_TO_32_BIT_CONVERSION = YES;
				GCC_WARN_ABOUT_RETURN_TYPE = YES_ERROR;
				GCC_WARN_UNDECLARED_SELECTOR = YES;
				GCC_WARN_UNINITIALIZED_AUTOS = YES_AGGRESSIVE;
				GCC_WARN_UNUSED_FUNCTION = YES;
				GCC_WARN_UNUSED_VARIABLE = YES;
				IPHONEOS_DEPLOYMENT_TARGET = 11.2;
				MTL_ENABLE_DEBUG_INFO = YES;
				ONLY_ACTIVE_ARCH = YES;
				SDKROOT = iphoneos;
				SWIFT_ACTIVE_COMPILATION_CONDITIONS = DEBUG;
				SWIFT_OPTIMIZATION_LEVEL = "-Onone";
			};
			name = Debug;
		};
		A79D664820323CA200B808E8 /* Release */ = {
			isa = XCBuildConfiguration;
			buildSettings = {
				ALWAYS_SEARCH_USER_PATHS = NO;
				CLANG_ANALYZER_NONNULL = YES;
				CLANG_ANALYZER_NUMBER_OBJECT_CONVERSION = YES_AGGRESSIVE;
				CLANG_CXX_LANGUAGE_STANDARD = "gnu++14";
				CLANG_CXX_LIBRARY = "libc++";
				CLANG_ENABLE_MODULES = YES;
				CLANG_ENABLE_OBJC_ARC = YES;
				CLANG_WARN_BLOCK_CAPTURE_AUTORELEASING = YES;
				CLANG_WARN_BOOL_CONVERSION = YES;
				CLANG_WARN_COMMA = YES;
				CLANG_WARN_CONSTANT_CONVERSION = YES;
				CLANG_WARN_DIRECT_OBJC_ISA_USAGE = YES_ERROR;
				CLANG_WARN_DOCUMENTATION_COMMENTS = YES;
				CLANG_WARN_EMPTY_BODY = YES;
				CLANG_WARN_ENUM_CONVERSION = YES;
				CLANG_WARN_INFINITE_RECURSION = YES;
				CLANG_WARN_INT_CONVERSION = YES;
				CLANG_WARN_NON_LITERAL_NULL_CONVERSION = YES;
				CLANG_WARN_OBJC_LITERAL_CONVERSION = YES;
				CLANG_WARN_OBJC_ROOT_CLASS = YES_ERROR;
				CLANG_WARN_RANGE_LOOP_ANALYSIS = YES;
				CLANG_WARN_STRICT_PROTOTYPES = YES;
				CLANG_WARN_SUSPICIOUS_MOVE = YES;
				CLANG_WARN_UNGUARDED_AVAILABILITY = YES_AGGRESSIVE;
				CLANG_WARN_UNREACHABLE_CODE = YES;
				CLANG_WARN__DUPLICATE_METHOD_MATCH = YES;
				CODE_SIGN_IDENTITY = "iPhone Developer";
				COPY_PHASE_STRIP = NO;
				DEBUG_INFORMATION_FORMAT = "dwarf-with-dsym";
				ENABLE_NS_ASSERTIONS = NO;
				ENABLE_STRICT_OBJC_MSGSEND = YES;
				GCC_C_LANGUAGE_STANDARD = gnu11;
				GCC_NO_COMMON_BLOCKS = YES;
				GCC_WARN_64_TO_32_BIT_CONVERSION = YES;
				GCC_WARN_ABOUT_RETURN_TYPE = YES_ERROR;
				GCC_WARN_UNDECLARED_SELECTOR = YES;
				GCC_WARN_UNINITIALIZED_AUTOS = YES_AGGRESSIVE;
				GCC_WARN_UNUSED_FUNCTION = YES;
				GCC_WARN_UNUSED_VARIABLE = YES;
				IPHONEOS_DEPLOYMENT_TARGET = 11.2;
				MTL_ENABLE_DEBUG_INFO = NO;
				SDKROOT = iphoneos;
				SWIFT_OPTIMIZATION_LEVEL = "-Owholemodule";
				VALIDATE_PRODUCT = YES;
			};
			name = Release;
		};
		A79D664A20323CA200B808E8 /* Debug */ = {
			isa = XCBuildConfiguration;
			buildSettings = {
				ALWAYS_EMBED_SWIFT_STANDARD_LIBRARIES = YES;
				ASSETCATALOG_COMPILER_APPICON_NAME = AppIcon;
				CODE_SIGN_STYLE = Automatic;
				DEVELOPMENT_TEAM = JRVDZ3BRTJ;
				EMBED_ASSET_PACKS_IN_PRODUCT_BUNDLE = YES;
				INFOPLIST_FILE = Random_NASA_App/Info.plist;
				LD_RUNPATH_SEARCH_PATHS = "$(inherited) @executable_path/Frameworks";
				PRODUCT_BUNDLE_IDENTIFIER = "com.AndrewPerrin.Random-NASA-app";
				PRODUCT_NAME = "$(TARGET_NAME)";
				SWIFT_VERSION = 4.0;
				TARGETED_DEVICE_FAMILY = "1,2";
			};
			name = Debug;
		};
		A79D664B20323CA200B808E8 /* Release */ = {
			isa = XCBuildConfiguration;
			buildSettings = {
				ALWAYS_EMBED_SWIFT_STANDARD_LIBRARIES = YES;
				ASSETCATALOG_COMPILER_APPICON_NAME = AppIcon;
				CODE_SIGN_STYLE = Automatic;
				DEVELOPMENT_TEAM = JRVDZ3BRTJ;
				EMBED_ASSET_PACKS_IN_PRODUCT_BUNDLE = YES;
				INFOPLIST_FILE = Random_NASA_App/Info.plist;
				LD_RUNPATH_SEARCH_PATHS = "$(inherited) @executable_path/Frameworks";
				PRODUCT_BUNDLE_IDENTIFIER = "com.AndrewPerrin.Random-NASA-app";
				PRODUCT_NAME = "$(TARGET_NAME)";
				SWIFT_VERSION = 4.0;
				TARGETED_DEVICE_FAMILY = "1,2";
			};
			name = Release;
		};
/* End XCBuildConfiguration section */

/* Begin XCConfigurationList section */
		A79D662F20323CA200B808E8 /* Build configuration list for PBXProject "Random_NASA_App" */ = {
			isa = XCConfigurationList;
			buildConfigurations = (
				A79D664720323CA200B808E8 /* Debug */,
				A79D664820323CA200B808E8 /* Release */,
			);
			defaultConfigurationIsVisible = 0;
			defaultConfigurationName = Release;
		};
		A79D664920323CA200B808E8 /* Build configuration list for PBXNativeTarget "Random_NASA_App" */ = {
			isa = XCConfigurationList;
			buildConfigurations = (
				A79D664A20323CA200B808E8 /* Debug */,
				A79D664B20323CA200B808E8 /* Release */,
			);
			defaultConfigurationIsVisible = 0;
			defaultConfigurationName = Release;
		};
/* End XCConfigurationList section */

/* Begin XCVersionGroup section */
		A79D663E20323CA200B808E8 /* Rest_Swift_Example.xcdatamodeld */ = {
			isa = XCVersionGroup;
			children = (
				A79D663F20323CA200B808E8 /* Rest_Swift_Example.xcdatamodel */,
			);
			currentVersion = A79D663F20323CA200B808E8 /* Rest_Swift_Example.xcdatamodel */;
			path = Rest_Swift_Example.xcdatamodeld;
			sourceTree = "<group>";
			versionGroupType = wrapper.xcdatamodel;
		};
/* End XCVersionGroup section */
	};
	rootObject = A79D662C20323CA200B808E8 /* Project object */;
}
